# This file is automatically @generated by Poetry 1.8.3 and should not be changed by hand.

[[package]]
name = "asgiref"
version = "3.8.1"
description = "ASGI specs, helper code, and adapters"
optional = false
python-versions = ">=3.8"
files = [
    {file = "asgiref-3.8.1-py3-none-any.whl", hash = "sha256:3e1e3ecc849832fe52ccf2cb6686b7a55f82bb1d6aee72a58826471390335e47"},
    {file = "asgiref-3.8.1.tar.gz", hash = "sha256:c343bd80a0bec947a9860adb4c432ffa7db769836c64238fc34bdc3fec84d590"},
]

[package.extras]
tests = ["mypy (>=0.800)", "pytest", "pytest-asyncio"]

[[package]]
name = "dj-database-url"
version = "2.2.0"
description = "Use Database URLs in your Django Application."
optional = false
python-versions = "*"
files = [
    {file = "dj_database_url-2.2.0-py3-none-any.whl", hash = "sha256:3e792567b0aa9a4884860af05fe2aa4968071ad351e033b6db632f97ac6db9de"},
    {file = "dj_database_url-2.2.0.tar.gz", hash = "sha256:9f9b05058ddf888f1e6f840048b8d705ff9395e3b52a07165daa3d8b9360551b"},
]

[package.dependencies]
Django = ">=3.2"
typing_extensions = ">=3.10.0.0"

[[package]]
name = "django"
version = "5.1.1"
description = "A high-level Python web framework that encourages rapid development and clean, pragmatic design."
optional = false
python-versions = ">=3.10"
files = [
    {file = "Django-5.1.1-py3-none-any.whl", hash = "sha256:71603f27dac22a6533fb38d83072eea9ddb4017fead6f67f2562a40402d61c3f"},
    {file = "Django-5.1.1.tar.gz", hash = "sha256:021ffb7fdab3d2d388bc8c7c2434eb9c1f6f4d09e6119010bbb1694dda286bc2"},
]

[package.dependencies]
asgiref = ">=3.8.1,<4"
sqlparse = ">=0.3.1"
tzdata = {version = "*", markers = "sys_platform == \"win32\""}

[package.extras]
argon2 = ["argon2-cffi (>=19.1.0)"]
bcrypt = ["bcrypt"]

[[package]]
name = "django-bridge"
version = "0.3"
description = "The simple way to build Django applications with modern React frontends"
optional = false
python-versions = "*"
files = [
    {file = "django-bridge-0.3.tar.gz", hash = "sha256:79ccd123c0d904f037857812ee9abcadd4d5ff10dcfd992134d48cbfb5b6075f"},
    {file = "django_bridge-0.3-py3-none-any.whl", hash = "sha256:c39f33e0d53746145152e91b06577635db5ea81eedb9204d205d747cff286513"},
]

[package.dependencies]
Django = ">=4.0,<6.0"
telepath = ">=0.3,<0.4"

[[package]]
name = "gunicorn"
version = "21.2.0"
description = "WSGI HTTP Server for UNIX"
optional = false
python-versions = ">=3.5"
files = [
    {file = "gunicorn-21.2.0-py3-none-any.whl", hash = "sha256:3213aa5e8c24949e792bcacfc176fef362e7aac80b76c56f6b5122bf350722f0"},
    {file = "gunicorn-21.2.0.tar.gz", hash = "sha256:88ec8bff1d634f98e61b9f65bc4bf3cd918a90806c6f5c48bc5603849ec81033"},
]

[package.dependencies]
packaging = "*"

[package.extras]
eventlet = ["eventlet (>=0.24.1)"]
gevent = ["gevent (>=1.4.0)"]
setproctitle = ["setproctitle"]
tornado = ["tornado (>=0.2)"]

[[package]]
name = "packaging"
version = "24.1"
description = "Core utilities for Python packages"
optional = false
python-versions = ">=3.8"
files = [
    {file = "packaging-24.1-py3-none-any.whl", hash = "sha256:5b8f2217dbdbd2f7f384c41c628544e6d52f2d0f53c6d0c3ea61aa5d1d7ff124"},
    {file = "packaging-24.1.tar.gz", hash = "sha256:026ed72c8ed3fcce5bf8950572258698927fd1dbda10a5e981cdf0ac37f4f002"},
]

[[package]]
name = "psycopg"
version = "3.2.1"
description = "PostgreSQL database adapter for Python"
optional = false
python-versions = ">=3.8"
files = [
    {file = "psycopg-3.2.1-py3-none-any.whl", hash = "sha256:ece385fb413a37db332f97c49208b36cf030ff02b199d7635ed2fbd378724175"},
    {file = "psycopg-3.2.1.tar.gz", hash = "sha256:dc8da6dc8729dacacda3cc2f17d2c9397a70a66cf0d2b69c91065d60d5f00cb7"},
]

[package.dependencies]
typing-extensions = ">=4.4"
tzdata = {version = "*", markers = "sys_platform == \"win32\""}

[package.extras]
binary = ["psycopg-binary (==3.2.1)"]
c = ["psycopg-c (==3.2.1)"]
dev = ["ast-comments (>=1.1.2)", "black (>=24.1.0)", "codespell (>=2.2)", "dnspython (>=2.1)", "flake8 (>=4.0)", "mypy (>=1.6)", "types-setuptools (>=57.4)", "wheel (>=0.37)"]
docs = ["Sphinx (>=5.0)", "furo (==2022.6.21)", "sphinx-autobuild (>=2021.3.14)", "sphinx-autodoc-typehints (>=1.12)"]
pool = ["psycopg-pool"]
test = ["anyio (>=4.0)", "mypy (>=1.6)", "pproxy (>=2.7)", "pytest (>=6.2.5)", "pytest-cov (>=3.0)", "pytest-randomly (>=3.5)"]

[[package]]
name = "sqlparse"
version = "0.5.1"
description = "A non-validating SQL parser."
optional = false
python-versions = ">=3.8"
files = [
    {file = "sqlparse-0.5.1-py3-none-any.whl", hash = "sha256:773dcbf9a5ab44a090f3441e2180efe2560220203dc2f8c0b0fa141e18b505e4"},
    {file = "sqlparse-0.5.1.tar.gz", hash = "sha256:bb6b4df465655ef332548e24f08e205afc81b9ab86cb1c45657a7ff173a3a00e"},
]

[package.extras]
dev = ["build", "hatch"]
doc = ["sphinx"]

[[package]]
name = "telepath"
version = "0.3.1"
description = "A library for exchanging data between Python and JavaScript"
optional = false
python-versions = ">=3.8"
files = [
    {file = "telepath-0.3.1-py38-none-any.whl", hash = "sha256:c280aa8e77ad71ce80e96500a4e4d4a32f35b7e0b52e896bb5fde9a5bcf0699a"},
    {file = "telepath-0.3.1.tar.gz", hash = "sha256:925c0609e0a8a6488ec4a55b19d485882cf72223b2b19fe2359a50fddd813c9c"},
]

[package.extras]
docs = ["mkdocs (>=1.1,<1.2)", "mkdocs-material (>=6.2,<6.3)"]

[[package]]
name = "typing-extensions"
version = "4.12.2"
description = "Backported and Experimental Type Hints for Python 3.8+"
optional = false
python-versions = ">=3.8"
files = [
    {file = "typing_extensions-4.12.2-py3-none-any.whl", hash = "sha256:04e5ca0351e0f3f85c6853954072df659d0d13fac324d0072316b67d7794700d"},
    {file = "typing_extensions-4.12.2.tar.gz", hash = "sha256:1a7ead55c7e559dd4dee8856e3a88b41225abfe1ce8df57b7c13915fe121ffb8"},
]

[[package]]
name = "tzdata"
version = "2024.1"
description = "Provider of IANA time zone data"
optional = false
python-versions = ">=2"
files = [
    {file = "tzdata-2024.1-py2.py3-none-any.whl", hash = "sha256:9068bc196136463f5245e51efda838afa15aaeca9903f49050dfa2679db4d252"},
    {file = "tzdata-2024.1.tar.gz", hash = "sha256:2674120f8d891909751c38abcdfd386ac0a5a1127954fbc332af6b5ceae07efd"},
]

[metadata]
lock-version = "2.0"
python-versions = "^3.11"
content-hash = "0fa21d892ec9df670dd95139c0c75438854b430e2214f8e1890ffe0bb18fdd8e"
